// !$*UTF8*$!
{
	archiveVersion = 1;
	classes = {
	};
	objectVersion = 55;
	objects = {

/* Begin PBXBuildFile section */
		C83429D627DD92E400AFD71F /* PopularMoviesViewModelTests.swift in Sources */ = {isa = PBXBuildFile; fileRef = C83429D527DD92E400AFD71F /* PopularMoviesViewModelTests.swift */; };
		C83429D827DD96A400AFD71F /* HomeScreenUITests.swift in Sources */ = {isa = PBXBuildFile; fileRef = C83429D727DD96A400AFD71F /* HomeScreenUITests.swift */; };
		C83429DA27DD976200AFD71F /* MovieDetailViewModel.swift in Sources */ = {isa = PBXBuildFile; fileRef = C83429D927DD976200AFD71F /* MovieDetailViewModel.swift */; };
		C83429DD27DF08AD00AFD71F /* MovieDetailUITests.swift in Sources */ = {isa = PBXBuildFile; fileRef = C83429DC27DF08AD00AFD71F /* MovieDetailUITests.swift */; };
		C83429E427DFB01A00AFD71F /* ImageAssets.swift in Sources */ = {isa = PBXBuildFile; fileRef = C83429E327DFB01A00AFD71F /* ImageAssets.swift */; };
		C83429F227DFCE7D00AFD71F /* Localized.swift in Sources */ = {isa = PBXBuildFile; fileRef = C83429F127DFCE7D00AFD71F /* Localized.swift */; };
		C83429F427DFCF3A00AFD71F /* String.swift in Sources */ = {isa = PBXBuildFile; fileRef = C83429F327DFCF3A00AFD71F /* String.swift */; };
		C83429F627DFD90B00AFD71F /* Fonts.swift in Sources */ = {isa = PBXBuildFile; fileRef = C83429F527DFD90B00AFD71F /* Fonts.swift */; };
		C83429F927DFF4CD00AFD71F /* HomeTabBar.swift in Sources */ = {isa = PBXBuildFile; fileRef = C83429F827DFF4CD00AFD71F /* HomeTabBar.swift */; };
		C83429FC27DFF5D700AFD71F /* FavoritesView.swift in Sources */ = {isa = PBXBuildFile; fileRef = C83429FB27DFF5D700AFD71F /* FavoritesView.swift */; };
		C83429FE27DFF61A00AFD71F /* FavoritesViewModel.swift in Sources */ = {isa = PBXBuildFile; fileRef = C83429FD27DFF61A00AFD71F /* FavoritesViewModel.swift */; };
		C8342A0127DFF93900AFD71F /* LikesView.swift in Sources */ = {isa = PBXBuildFile; fileRef = C8342A0027DFF93900AFD71F /* LikesView.swift */; };
		C8342A0327DFF95E00AFD71F /* LikesViewModel.swift in Sources */ = {isa = PBXBuildFile; fileRef = C8342A0227DFF95E00AFD71F /* LikesViewModel.swift */; };
		C8342A0627DFFD6E00AFD71F /* Network.swift in Sources */ = {isa = PBXBuildFile; fileRef = C8342A0527DFFD6E00AFD71F /* Network.swift */; };
		C835757D27E1307B00F06159 /* FavoriteMovieUITests.swift in Sources */ = {isa = PBXBuildFile; fileRef = C835757C27E1307B00F06159 /* FavoriteMovieUITests.swift */; };
		C835757F27E1388B00F06159 /* LikeMovieUITests.swift in Sources */ = {isa = PBXBuildFile; fileRef = C835757E27E1388B00F06159 /* LikeMovieUITests.swift */; };
		C86EFC2427E0100C0007BD5B /* Colors.swift in Sources */ = {isa = PBXBuildFile; fileRef = C86EFC2327E0100C0007BD5B /* Colors.swift */; };
		C86EFC2727E0208D0007BD5B /* GeneralStrings.strings in Resources */ = {isa = PBXBuildFile; fileRef = C86EFC2927E0208D0007BD5B /* GeneralStrings.strings */; };
		C86EFC2B27E024E10007BD5B /* Array+Extension.swift in Sources */ = {isa = PBXBuildFile; fileRef = C86EFC2A27E024E10007BD5B /* Array+Extension.swift */; };
		C892137727D992F100E5539A /* TheMoviewDBApp.swift in Sources */ = {isa = PBXBuildFile; fileRef = C892137627D992F100E5539A /* TheMoviewDBApp.swift */; };
		C892137B27D992F300E5539A /* Assets.xcassets in Resources */ = {isa = PBXBuildFile; fileRef = C892137A27D992F300E5539A /* Assets.xcassets */; };
		C892137E27D992F300E5539A /* Preview Assets.xcassets in Resources */ = {isa = PBXBuildFile; fileRef = C892137D27D992F300E5539A /* Preview Assets.xcassets */; };
		C892138027D992F300E5539A /* Persistence.swift in Sources */ = {isa = PBXBuildFile; fileRef = C892137F27D992F300E5539A /* Persistence.swift */; };
		C892138327D992F300E5539A /* TheMoviewDB.xcdatamodeld in Sources */ = {isa = PBXBuildFile; fileRef = C892138127D992F300E5539A /* TheMoviewDB.xcdatamodeld */; };
		C892139727D992F300E5539A /* TheMoviewDBUITests.swift in Sources */ = {isa = PBXBuildFile; fileRef = C892139627D992F300E5539A /* TheMoviewDBUITests.swift */; };
		C892139927D992F300E5539A /* TheMoviewDBUITestsLaunchTests.swift in Sources */ = {isa = PBXBuildFile; fileRef = C892139827D992F300E5539A /* TheMoviewDBUITestsLaunchTests.swift */; };
		C89213A727D997CB00E5539A /* PopularMoviesViewModel.swift in Sources */ = {isa = PBXBuildFile; fileRef = C89213A627D997CB00E5539A /* PopularMoviesViewModel.swift */; };
		C89213AA27D9ACEA00E5539A /* ProgressBar.swift in Sources */ = {isa = PBXBuildFile; fileRef = C89213A927D9ACEA00E5539A /* ProgressBar.swift */; };
		C89213AC27D9BEED00E5539A /* PopularMoviesModel.swift in Sources */ = {isa = PBXBuildFile; fileRef = C89213AB27D9BEED00E5539A /* PopularMoviesModel.swift */; };
		C89213AE27D9C2D900E5539A /* PopularMoviesView.swift in Sources */ = {isa = PBXBuildFile; fileRef = C89213AD27D9C2D900E5539A /* PopularMoviesView.swift */; };
		C89213B027D9C5C400E5539A /* PopularMoviesRepository.swift in Sources */ = {isa = PBXBuildFile; fileRef = C89213AF27D9C5C400E5539A /* PopularMoviesRepository.swift */; };
		C89213B227DCD0FA00E5539A /* Constans.swift in Sources */ = {isa = PBXBuildFile; fileRef = C89213B127DCD0FA00E5539A /* Constans.swift */; };
		C89213B527DCEA4F00E5539A /* SplashScreen.swift in Sources */ = {isa = PBXBuildFile; fileRef = C89213B427DCEA4F00E5539A /* SplashScreen.swift */; };
		C8A83AA227DD1903009385F4 /* SourceSansPro-Regular.ttf in Resources */ = {isa = PBXBuildFile; fileRef = C8A83A9527DD1903009385F4 /* SourceSansPro-Regular.ttf */; };
		C8A83AA327DD1903009385F4 /* SourceSansPro-Bold.ttf in Resources */ = {isa = PBXBuildFile; fileRef = C8A83A9627DD1903009385F4 /* SourceSansPro-Bold.ttf */; };
		C8A83AA527DD1903009385F4 /* SourceSansPro-Light.ttf in Resources */ = {isa = PBXBuildFile; fileRef = C8A83A9827DD1903009385F4 /* SourceSansPro-Light.ttf */; };
		C8A83AA627DD1903009385F4 /* SourceSansPro-Black.ttf in Resources */ = {isa = PBXBuildFile; fileRef = C8A83A9927DD1903009385F4 /* SourceSansPro-Black.ttf */; };
		C8A83AA827DD1903009385F4 /* SourceSansPro-ExtraLight.ttf in Resources */ = {isa = PBXBuildFile; fileRef = C8A83A9B27DD1903009385F4 /* SourceSansPro-ExtraLight.ttf */; };
		C8A83AAA27DD1903009385F4 /* SourceSansPro-SemiBold.ttf in Resources */ = {isa = PBXBuildFile; fileRef = C8A83A9D27DD1903009385F4 /* SourceSansPro-SemiBold.ttf */; };
		C8FC222C27DD0AC800CC37FB /* MovieDetailView.swift in Sources */ = {isa = PBXBuildFile; fileRef = C8FC222B27DD0AC800CC37FB /* MovieDetailView.swift */; };
/* End PBXBuildFile section */

/* Begin PBXContainerItemProxy section */
		C892138927D992F300E5539A /* PBXContainerItemProxy */ = {
			isa = PBXContainerItemProxy;
			containerPortal = C892136B27D992F100E5539A /* Project object */;
			proxyType = 1;
			remoteGlobalIDString = C892137227D992F100E5539A;
			remoteInfo = TheMoviewDB;
		};
		C892139327D992F300E5539A /* PBXContainerItemProxy */ = {
			isa = PBXContainerItemProxy;
			containerPortal = C892136B27D992F100E5539A /* Project object */;
			proxyType = 1;
			remoteGlobalIDString = C892137227D992F100E5539A;
			remoteInfo = TheMoviewDB;
		};
/* End PBXContainerItemProxy section */

/* Begin PBXFileReference section */
		C83429D527DD92E400AFD71F /* PopularMoviesViewModelTests.swift */ = {isa = PBXFileReference; lastKnownFileType = sourcecode.swift; path = PopularMoviesViewModelTests.swift; sourceTree = "<group>"; };
		C83429D727DD96A400AFD71F /* HomeScreenUITests.swift */ = {isa = PBXFileReference; lastKnownFileType = sourcecode.swift; path = HomeScreenUITests.swift; sourceTree = "<group>"; };
		C83429D927DD976200AFD71F /* MovieDetailViewModel.swift */ = {isa = PBXFileReference; lastKnownFileType = sourcecode.swift; path = MovieDetailViewModel.swift; sourceTree = "<group>"; };
		C83429DC27DF08AD00AFD71F /* MovieDetailUITests.swift */ = {isa = PBXFileReference; lastKnownFileType = sourcecode.swift; path = MovieDetailUITests.swift; sourceTree = "<group>"; };
		C83429E327DFB01A00AFD71F /* ImageAssets.swift */ = {isa = PBXFileReference; lastKnownFileType = sourcecode.swift; path = ImageAssets.swift; sourceTree = "<group>"; };
		C83429F127DFCE7D00AFD71F /* Localized.swift */ = {isa = PBXFileReference; lastKnownFileType = sourcecode.swift; path = Localized.swift; sourceTree = "<group>"; };
		C83429F327DFCF3A00AFD71F /* String.swift */ = {isa = PBXFileReference; lastKnownFileType = sourcecode.swift; path = String.swift; sourceTree = "<group>"; };
		C83429F527DFD90B00AFD71F /* Fonts.swift */ = {isa = PBXFileReference; lastKnownFileType = sourcecode.swift; path = Fonts.swift; sourceTree = "<group>"; };
		C83429F827DFF4CD00AFD71F /* HomeTabBar.swift */ = {isa = PBXFileReference; lastKnownFileType = sourcecode.swift; path = HomeTabBar.swift; sourceTree = "<group>"; };
		C83429FB27DFF5D700AFD71F /* FavoritesView.swift */ = {isa = PBXFileReference; lastKnownFileType = sourcecode.swift; path = FavoritesView.swift; sourceTree = "<group>"; };
		C83429FD27DFF61A00AFD71F /* FavoritesViewModel.swift */ = {isa = PBXFileReference; lastKnownFileType = sourcecode.swift; path = FavoritesViewModel.swift; sourceTree = "<group>"; };
		C8342A0027DFF93900AFD71F /* LikesView.swift */ = {isa = PBXFileReference; lastKnownFileType = sourcecode.swift; path = LikesView.swift; sourceTree = "<group>"; };
		C8342A0227DFF95E00AFD71F /* LikesViewModel.swift */ = {isa = PBXFileReference; lastKnownFileType = sourcecode.swift; path = LikesViewModel.swift; sourceTree = "<group>"; };
		C8342A0527DFFD6E00AFD71F /* Network.swift */ = {isa = PBXFileReference; lastKnownFileType = sourcecode.swift; path = Network.swift; sourceTree = "<group>"; };
		C835757C27E1307B00F06159 /* FavoriteMovieUITests.swift */ = {isa = PBXFileReference; lastKnownFileType = sourcecode.swift; path = FavoriteMovieUITests.swift; sourceTree = "<group>"; };
		C835757E27E1388B00F06159 /* LikeMovieUITests.swift */ = {isa = PBXFileReference; lastKnownFileType = sourcecode.swift; path = LikeMovieUITests.swift; sourceTree = "<group>"; };
		C86EFC2327E0100C0007BD5B /* Colors.swift */ = {isa = PBXFileReference; lastKnownFileType = sourcecode.swift; path = Colors.swift; sourceTree = "<group>"; };
		C86EFC2827E0208D0007BD5B /* en */ = {isa = PBXFileReference; lastKnownFileType = text.plist.strings; name = en; path = en.lproj/GeneralStrings.strings; sourceTree = "<group>"; };
		C86EFC2A27E024E10007BD5B /* Array+Extension.swift */ = {isa = PBXFileReference; lastKnownFileType = sourcecode.swift; path = "Array+Extension.swift"; sourceTree = "<group>"; };
		C892137327D992F100E5539A /* TheMovieDB.app */ = {isa = PBXFileReference; explicitFileType = wrapper.application; includeInIndex = 0; path = TheMovieDB.app; sourceTree = BUILT_PRODUCTS_DIR; };
		C892137627D992F100E5539A /* TheMoviewDBApp.swift */ = {isa = PBXFileReference; lastKnownFileType = sourcecode.swift; path = TheMoviewDBApp.swift; sourceTree = "<group>"; };
		C892137A27D992F300E5539A /* Assets.xcassets */ = {isa = PBXFileReference; lastKnownFileType = folder.assetcatalog; path = Assets.xcassets; sourceTree = "<group>"; };
		C892137D27D992F300E5539A /* Preview Assets.xcassets */ = {isa = PBXFileReference; lastKnownFileType = folder.assetcatalog; path = "Preview Assets.xcassets"; sourceTree = "<group>"; };
		C892137F27D992F300E5539A /* Persistence.swift */ = {isa = PBXFileReference; lastKnownFileType = sourcecode.swift; path = Persistence.swift; sourceTree = "<group>"; };
		C892138227D992F300E5539A /* TheMoviewDB.xcdatamodel */ = {isa = PBXFileReference; lastKnownFileType = wrapper.xcdatamodel; path = TheMoviewDB.xcdatamodel; sourceTree = "<group>"; };
		C892138827D992F300E5539A /* TheMoviewDBTests.xctest */ = {isa = PBXFileReference; explicitFileType = wrapper.cfbundle; includeInIndex = 0; path = TheMoviewDBTests.xctest; sourceTree = BUILT_PRODUCTS_DIR; };
		C892139227D992F300E5539A /* TheMoviewDBUITests.xctest */ = {isa = PBXFileReference; explicitFileType = wrapper.cfbundle; includeInIndex = 0; path = TheMoviewDBUITests.xctest; sourceTree = BUILT_PRODUCTS_DIR; };
		C892139627D992F300E5539A /* TheMoviewDBUITests.swift */ = {isa = PBXFileReference; lastKnownFileType = sourcecode.swift; path = TheMoviewDBUITests.swift; sourceTree = "<group>"; };
		C892139827D992F300E5539A /* TheMoviewDBUITestsLaunchTests.swift */ = {isa = PBXFileReference; lastKnownFileType = sourcecode.swift; path = TheMoviewDBUITestsLaunchTests.swift; sourceTree = "<group>"; };
		C89213A627D997CB00E5539A /* PopularMoviesViewModel.swift */ = {isa = PBXFileReference; lastKnownFileType = sourcecode.swift; path = PopularMoviesViewModel.swift; sourceTree = "<group>"; };
		C89213A927D9ACEA00E5539A /* ProgressBar.swift */ = {isa = PBXFileReference; lastKnownFileType = sourcecode.swift; path = ProgressBar.swift; sourceTree = "<group>"; };
		C89213AB27D9BEED00E5539A /* PopularMoviesModel.swift */ = {isa = PBXFileReference; lastKnownFileType = sourcecode.swift; path = PopularMoviesModel.swift; sourceTree = "<group>"; };
		C89213AD27D9C2D900E5539A /* PopularMoviesView.swift */ = {isa = PBXFileReference; lastKnownFileType = sourcecode.swift; path = PopularMoviesView.swift; sourceTree = "<group>"; };
		C89213AF27D9C5C400E5539A /* PopularMoviesRepository.swift */ = {isa = PBXFileReference; lastKnownFileType = sourcecode.swift; path = PopularMoviesRepository.swift; sourceTree = "<group>"; };
		C89213B127DCD0FA00E5539A /* Constans.swift */ = {isa = PBXFileReference; lastKnownFileType = sourcecode.swift; path = Constans.swift; sourceTree = "<group>"; };
		C89213B427DCEA4F00E5539A /* SplashScreen.swift */ = {isa = PBXFileReference; lastKnownFileType = sourcecode.swift; path = SplashScreen.swift; sourceTree = "<group>"; };
		C89213B627DCED5000E5539A /* Info.plist */ = {isa = PBXFileReference; lastKnownFileType = text.plist; path = Info.plist; sourceTree = "<group>"; };
		C8A83A9527DD1903009385F4 /* SourceSansPro-Regular.ttf */ = {isa = PBXFileReference; lastKnownFileType = file; path = "SourceSansPro-Regular.ttf"; sourceTree = "<group>"; };
		C8A83A9627DD1903009385F4 /* SourceSansPro-Bold.ttf */ = {isa = PBXFileReference; lastKnownFileType = file; path = "SourceSansPro-Bold.ttf"; sourceTree = "<group>"; };
		C8A83A9827DD1903009385F4 /* SourceSansPro-Light.ttf */ = {isa = PBXFileReference; lastKnownFileType = file; path = "SourceSansPro-Light.ttf"; sourceTree = "<group>"; };
		C8A83A9927DD1903009385F4 /* SourceSansPro-Black.ttf */ = {isa = PBXFileReference; lastKnownFileType = file; path = "SourceSansPro-Black.ttf"; sourceTree = "<group>"; };
		C8A83A9B27DD1903009385F4 /* SourceSansPro-ExtraLight.ttf */ = {isa = PBXFileReference; lastKnownFileType = file; path = "SourceSansPro-ExtraLight.ttf"; sourceTree = "<group>"; };
		C8A83A9D27DD1903009385F4 /* SourceSansPro-SemiBold.ttf */ = {isa = PBXFileReference; lastKnownFileType = file; path = "SourceSansPro-SemiBold.ttf"; sourceTree = "<group>"; };
		C8FC222B27DD0AC800CC37FB /* MovieDetailView.swift */ = {isa = PBXFileReference; lastKnownFileType = sourcecode.swift; path = MovieDetailView.swift; sourceTree = "<group>"; };
/* End PBXFileReference section */

/* Begin PBXFrameworksBuildPhase section */
		C892137027D992F100E5539A /* Frameworks */ = {
			isa = PBXFrameworksBuildPhase;
			buildActionMask = 2147483647;
			files = (
			);
			runOnlyForDeploymentPostprocessing = 0;
		};
		C892138527D992F300E5539A /* Frameworks */ = {
			isa = PBXFrameworksBuildPhase;
			buildActionMask = 2147483647;
			files = (
			);
			runOnlyForDeploymentPostprocessing = 0;
		};
		C892138F27D992F300E5539A /* Frameworks */ = {
			isa = PBXFrameworksBuildPhase;
			buildActionMask = 2147483647;
			files = (
			);
			runOnlyForDeploymentPostprocessing = 0;
		};
/* End PBXFrameworksBuildPhase section */

/* Begin PBXGroup section */
		C83429DB27DEEB2C00AFD71F /* Extensions */ = {
			isa = PBXGroup;
			children = (
				C86EFC2327E0100C0007BD5B /* Colors.swift */,
				C83429F527DFD90B00AFD71F /* Fonts.swift */,
				C83429E327DFB01A00AFD71F /* ImageAssets.swift */,
				C83429F327DFCF3A00AFD71F /* String.swift */,
			);
			path = Extensions;
			sourceTree = "<group>";
		};
		C83429DE27DFAF4C00AFD71F /* AppStrings */ = {
			isa = PBXGroup;
			children = (
				C86EFC2927E0208D0007BD5B /* GeneralStrings.strings */,
			);
			path = AppStrings;
			sourceTree = "<group>";
		};
		C83429F727DFF4BE00AFD71F /* Home */ = {
			isa = PBXGroup;
			children = (
				C83429F827DFF4CD00AFD71F /* HomeTabBar.swift */,
			);
			path = Home;
			sourceTree = "<group>";
		};
		C83429FA27DFF5AD00AFD71F /* Favorites */ = {
			isa = PBXGroup;
			children = (
				C83429FB27DFF5D700AFD71F /* FavoritesView.swift */,
				C83429FD27DFF61A00AFD71F /* FavoritesViewModel.swift */,
			);
			path = Favorites;
			sourceTree = "<group>";
		};
		C83429FF27DFF92600AFD71F /* Likes */ = {
			isa = PBXGroup;
			children = (
				C8342A0027DFF93900AFD71F /* LikesView.swift */,
				C8342A0227DFF95E00AFD71F /* LikesViewModel.swift */,
			);
			path = Likes;
			sourceTree = "<group>";
		};
		C892136A27D992F100E5539A = {
			isa = PBXGroup;
			children = (
				C892137527D992F100E5539A /* TheMoviewDB */,
				C892138B27D992F300E5539A /* TheMoviewDBTests */,
				C892139527D992F300E5539A /* TheMoviewDBUITests */,
				C892137427D992F100E5539A /* Products */,
			);
			sourceTree = "<group>";
		};
		C892137427D992F100E5539A /* Products */ = {
			isa = PBXGroup;
			children = (
				C892137327D992F100E5539A /* TheMovieDB.app */,
				C892138827D992F300E5539A /* TheMoviewDBTests.xctest */,
				C892139227D992F300E5539A /* TheMoviewDBUITests.xctest */,
			);
			name = Products;
			sourceTree = "<group>";
		};
		C892137527D992F100E5539A /* TheMoviewDB */ = {
			isa = PBXGroup;
			children = (
				C89213B627DCED5000E5539A /* Info.plist */,
				C892137A27D992F300E5539A /* Assets.xcassets */,
				C83429DE27DFAF4C00AFD71F /* AppStrings */,
				C89213A827D9ACDB00E5539A /* Utils */,
				C83429DB27DEEB2C00AFD71F /* Extensions */,
				C89213B327DCEA2500E5539A /* SplashView */,
				C83429F727DFF4BE00AFD71F /* Home */,
				C89213A527D997B900E5539A /* PopularMovies */,
				C8FC222A27DD0AB200CC37FB /* MovieDetail */,
				C83429FF27DFF92600AFD71F /* Likes */,
				C83429FA27DFF5AD00AFD71F /* Favorites */,
				C892137627D992F100E5539A /* TheMoviewDBApp.swift */,
				C892137F27D992F300E5539A /* Persistence.swift */,
				C892138127D992F300E5539A /* TheMoviewDB.xcdatamodeld */,
				C892137C27D992F300E5539A /* Preview Content */,
			);
			path = TheMoviewDB;
			sourceTree = "<group>";
		};
		C892137C27D992F300E5539A /* Preview Content */ = {
			isa = PBXGroup;
			children = (
				C892137D27D992F300E5539A /* Preview Assets.xcassets */,
			);
			path = "Preview Content";
			sourceTree = "<group>";
		};
		C892138B27D992F300E5539A /* TheMoviewDBTests */ = {
			isa = PBXGroup;
			children = (
				C83429D527DD92E400AFD71F /* PopularMoviesViewModelTests.swift */,
			);
			path = TheMoviewDBTests;
			sourceTree = "<group>";
		};
		C892139527D992F300E5539A /* TheMoviewDBUITests */ = {
			isa = PBXGroup;
			children = (
				C892139627D992F300E5539A /* TheMoviewDBUITests.swift */,
				C892139827D992F300E5539A /* TheMoviewDBUITestsLaunchTests.swift */,
				C83429D727DD96A400AFD71F /* HomeScreenUITests.swift */,
				C83429DC27DF08AD00AFD71F /* MovieDetailUITests.swift */,
				C835757C27E1307B00F06159 /* FavoriteMovieUITests.swift */,
				C835757E27E1388B00F06159 /* LikeMovieUITests.swift */,
			);
			path = TheMoviewDBUITests;
			sourceTree = "<group>";
		};
		C89213A527D997B900E5539A /* PopularMovies */ = {
			isa = PBXGroup;
			children = (
				C89213AF27D9C5C400E5539A /* PopularMoviesRepository.swift */,
				C89213AB27D9BEED00E5539A /* PopularMoviesModel.swift */,
				C89213A627D997CB00E5539A /* PopularMoviesViewModel.swift */,
				C89213AD27D9C2D900E5539A /* PopularMoviesView.swift */,
			);
			path = PopularMovies;
			sourceTree = "<group>";
		};
		C89213A827D9ACDB00E5539A /* Utils */ = {
			isa = PBXGroup;
			children = (
				C8A83A9127DD18F3009385F4 /* Font */,
				C89213B127DCD0FA00E5539A /* Constans.swift */,
				C83429F127DFCE7D00AFD71F /* Localized.swift */,
				C89213A927D9ACEA00E5539A /* ProgressBar.swift */,
				C8342A0527DFFD6E00AFD71F /* Network.swift */,
				C86EFC2A27E024E10007BD5B /* Array+Extension.swift */,
			);
			path = Utils;
			sourceTree = "<group>";
		};
		C89213B327DCEA2500E5539A /* SplashView */ = {
			isa = PBXGroup;
			children = (
				C89213B427DCEA4F00E5539A /* SplashScreen.swift */,
			);
			path = SplashView;
			sourceTree = "<group>";
		};
		C8A83A9127DD18F3009385F4 /* Font */ = {
			isa = PBXGroup;
			children = (
				C8A83A9227DD1903009385F4 /* Source_Sans_Pro */,
			);
			path = Font;
			sourceTree = "<group>";
		};
		C8A83A9227DD1903009385F4 /* Source_Sans_Pro */ = {
			isa = PBXGroup;
			children = (
				C8A83A9527DD1903009385F4 /* SourceSansPro-Regular.ttf */,
				C8A83A9627DD1903009385F4 /* SourceSansPro-Bold.ttf */,
				C8A83A9827DD1903009385F4 /* SourceSansPro-Light.ttf */,
				C8A83A9927DD1903009385F4 /* SourceSansPro-Black.ttf */,
				C8A83A9B27DD1903009385F4 /* SourceSansPro-ExtraLight.ttf */,
				C8A83A9D27DD1903009385F4 /* SourceSansPro-SemiBold.ttf */,
			);
			path = Source_Sans_Pro;
			sourceTree = "<group>";
		};
		C8FC222A27DD0AB200CC37FB /* MovieDetail */ = {
			isa = PBXGroup;
			children = (
				C83429D927DD976200AFD71F /* MovieDetailViewModel.swift */,
				C8FC222B27DD0AC800CC37FB /* MovieDetailView.swift */,
			);
			path = MovieDetail;
			sourceTree = "<group>";
		};
/* End PBXGroup section */

/* Begin PBXNativeTarget section */
		C892137227D992F100E5539A /* TheMoviewDB */ = {
			isa = PBXNativeTarget;
			buildConfigurationList = C892139C27D992F300E5539A /* Build configuration list for PBXNativeTarget "TheMoviewDB" */;
			buildPhases = (
				C892136F27D992F100E5539A /* Sources */,
				C892137027D992F100E5539A /* Frameworks */,
				C892137127D992F100E5539A /* Resources */,
			);
			buildRules = (
			);
			dependencies = (
			);
			name = TheMoviewDB;
			productName = TheMoviewDB;
			productReference = C892137327D992F100E5539A /* TheMovieDB.app */;
			productType = "com.apple.product-type.application";
		};
		C892138727D992F300E5539A /* TheMoviewDBTests */ = {
			isa = PBXNativeTarget;
			buildConfigurationList = C892139F27D992F300E5539A /* Build configuration list for PBXNativeTarget "TheMoviewDBTests" */;
			buildPhases = (
				C892138427D992F300E5539A /* Sources */,
				C892138527D992F300E5539A /* Frameworks */,
				C892138627D992F300E5539A /* Resources */,
			);
			buildRules = (
			);
			dependencies = (
				C892138A27D992F300E5539A /* PBXTargetDependency */,
			);
			name = TheMoviewDBTests;
			productName = TheMoviewDBTests;
			productReference = C892138827D992F300E5539A /* TheMoviewDBTests.xctest */;
			productType = "com.apple.product-type.bundle.unit-test";
		};
		C892139127D992F300E5539A /* TheMoviewDBUITests */ = {
			isa = PBXNativeTarget;
			buildConfigurationList = C89213A227D992F300E5539A /* Build configuration list for PBXNativeTarget "TheMoviewDBUITests" */;
			buildPhases = (
				C892138E27D992F300E5539A /* Sources */,
				C892138F27D992F300E5539A /* Frameworks */,
				C892139027D992F300E5539A /* Resources */,
			);
			buildRules = (
			);
			dependencies = (
				C892139427D992F300E5539A /* PBXTargetDependency */,
			);
			name = TheMoviewDBUITests;
			productName = TheMoviewDBUITests;
			productReference = C892139227D992F300E5539A /* TheMoviewDBUITests.xctest */;
			productType = "com.apple.product-type.bundle.ui-testing";
		};
/* End PBXNativeTarget section */

/* Begin PBXProject section */
		C892136B27D992F100E5539A /* Project object */ = {
			isa = PBXProject;
			attributes = {
				BuildIndependentTargetsInParallel = 1;
				LastSwiftUpdateCheck = 1320;
				LastUpgradeCheck = 1320;
				TargetAttributes = {
					C892137227D992F100E5539A = {
						CreatedOnToolsVersion = 13.2.1;
					};
					C892138727D992F300E5539A = {
						CreatedOnToolsVersion = 13.2.1;
						LastSwiftMigration = 1320;
						TestTargetID = C892137227D992F100E5539A;
					};
					C892139127D992F300E5539A = {
						CreatedOnToolsVersion = 13.2.1;
						TestTargetID = C892137227D992F100E5539A;
					};
				};
			};
			buildConfigurationList = C892136E27D992F100E5539A /* Build configuration list for PBXProject "TheMoviewDB" */;
			compatibilityVersion = "Xcode 13.0";
			developmentRegion = en;
			hasScannedForEncodings = 0;
			knownRegions = (
				en,
				Base,
			);
			mainGroup = C892136A27D992F100E5539A;
			productRefGroup = C892137427D992F100E5539A /* Products */;
			projectDirPath = "";
			projectRoot = "";
			targets = (
				C892137227D992F100E5539A /* TheMoviewDB */,
				C892138727D992F300E5539A /* TheMoviewDBTests */,
				C892139127D992F300E5539A /* TheMoviewDBUITests */,
			);
		};
/* End PBXProject section */

/* Begin PBXResourcesBuildPhase section */
		C892137127D992F100E5539A /* Resources */ = {
			isa = PBXResourcesBuildPhase;
			buildActionMask = 2147483647;
			files = (
				C8A83AA227DD1903009385F4 /* SourceSansPro-Regular.ttf in Resources */,
				C86EFC2727E0208D0007BD5B /* GeneralStrings.strings in Resources */,
				C892137E27D992F300E5539A /* Preview Assets.xcassets in Resources */,
				C892137B27D992F300E5539A /* Assets.xcassets in Resources */,
				C8A83AA327DD1903009385F4 /* SourceSansPro-Bold.ttf in Resources */,
				C8A83AA827DD1903009385F4 /* SourceSansPro-ExtraLight.ttf in Resources */,
				C8A83AAA27DD1903009385F4 /* SourceSansPro-SemiBold.ttf in Resources */,
				C8A83AA627DD1903009385F4 /* SourceSansPro-Black.ttf in Resources */,
				C8A83AA527DD1903009385F4 /* SourceSansPro-Light.ttf in Resources */,
			);
			runOnlyForDeploymentPostprocessing = 0;
		};
		C892138627D992F300E5539A /* Resources */ = {
			isa = PBXResourcesBuildPhase;
			buildActionMask = 2147483647;
			files = (
			);
			runOnlyForDeploymentPostprocessing = 0;
		};
		C892139027D992F300E5539A /* Resources */ = {
			isa = PBXResourcesBuildPhase;
			buildActionMask = 2147483647;
			files = (
			);
			runOnlyForDeploymentPostprocessing = 0;
		};
/* End PBXResourcesBuildPhase section */

/* Begin PBXSourcesBuildPhase section */
		C892136F27D992F100E5539A /* Sources */ = {
			isa = PBXSourcesBuildPhase;
			buildActionMask = 2147483647;
			files = (
				C892138027D992F300E5539A /* Persistence.swift in Sources */,
				C86EFC2427E0100C0007BD5B /* Colors.swift in Sources */,
				C89213B027D9C5C400E5539A /* PopularMoviesRepository.swift in Sources */,
				C892138327D992F300E5539A /* TheMoviewDB.xcdatamodeld in Sources */,
				C83429E427DFB01A00AFD71F /* ImageAssets.swift in Sources */,
				C86EFC2B27E024E10007BD5B /* Array+Extension.swift in Sources */,
				C89213B227DCD0FA00E5539A /* Constans.swift in Sources */,
				C83429DA27DD976200AFD71F /* MovieDetailViewModel.swift in Sources */,
				C89213AE27D9C2D900E5539A /* PopularMoviesView.swift in Sources */,
				C83429F927DFF4CD00AFD71F /* HomeTabBar.swift in Sources */,
				C8FC222C27DD0AC800CC37FB /* MovieDetailView.swift in Sources */,
				C83429FE27DFF61A00AFD71F /* FavoritesViewModel.swift in Sources */,
				C89213B527DCEA4F00E5539A /* SplashScreen.swift in Sources */,
				C83429F227DFCE7D00AFD71F /* Localized.swift in Sources */,
				C89213A727D997CB00E5539A /* PopularMoviesViewModel.swift in Sources */,
				C89213AA27D9ACEA00E5539A /* ProgressBar.swift in Sources */,
				C892137727D992F100E5539A /* TheMoviewDBApp.swift in Sources */,
				C8342A0127DFF93900AFD71F /* LikesView.swift in Sources */,
				C8342A0327DFF95E00AFD71F /* LikesViewModel.swift in Sources */,
				C83429F427DFCF3A00AFD71F /* String.swift in Sources */,
				C89213AC27D9BEED00E5539A /* PopularMoviesModel.swift in Sources */,
				C83429F627DFD90B00AFD71F /* Fonts.swift in Sources */,
				C83429FC27DFF5D700AFD71F /* FavoritesView.swift in Sources */,
				C8342A0627DFFD6E00AFD71F /* Network.swift in Sources */,
			);
			runOnlyForDeploymentPostprocessing = 0;
		};
		C892138427D992F300E5539A /* Sources */ = {
			isa = PBXSourcesBuildPhase;
			buildActionMask = 2147483647;
			files = (
				C83429D627DD92E400AFD71F /* PopularMoviesViewModelTests.swift in Sources */,
			);
			runOnlyForDeploymentPostprocessing = 0;
		};
		C892138E27D992F300E5539A /* Sources */ = {
			isa = PBXSourcesBuildPhase;
			buildActionMask = 2147483647;
			files = (
				C835757D27E1307B00F06159 /* FavoriteMovieUITests.swift in Sources */,
				C892139727D992F300E5539A /* TheMoviewDBUITests.swift in Sources */,
				C892139927D992F300E5539A /* TheMoviewDBUITestsLaunchTests.swift in Sources */,
				C83429D827DD96A400AFD71F /* HomeScreenUITests.swift in Sources */,
				C83429DD27DF08AD00AFD71F /* MovieDetailUITests.swift in Sources */,
				C835757F27E1388B00F06159 /* LikeMovieUITests.swift in Sources */,
			);
			runOnlyForDeploymentPostprocessing = 0;
		};
/* End PBXSourcesBuildPhase section */

/* Begin PBXTargetDependency section */
		C892138A27D992F300E5539A /* PBXTargetDependency */ = {
			isa = PBXTargetDependency;
			target = C892137227D992F100E5539A /* TheMoviewDB */;
			targetProxy = C892138927D992F300E5539A /* PBXContainerItemProxy */;
		};
		C892139427D992F300E5539A /* PBXTargetDependency */ = {
			isa = PBXTargetDependency;
			target = C892137227D992F100E5539A /* TheMoviewDB */;
			targetProxy = C892139327D992F300E5539A /* PBXContainerItemProxy */;
		};
/* End PBXTargetDependency section */

/* Begin PBXVariantGroup section */
		C86EFC2927E0208D0007BD5B /* GeneralStrings.strings */ = {
			isa = PBXVariantGroup;
			children = (
				C86EFC2827E0208D0007BD5B /* en */,
			);
			name = GeneralStrings.strings;
			sourceTree = "<group>";
		};
/* End PBXVariantGroup section */

/* Begin XCBuildConfiguration section */
		C892139A27D992F300E5539A /* Debug */ = {
			isa = XCBuildConfiguration;
			buildSettings = {
				ALWAYS_SEARCH_USER_PATHS = NO;
				CLANG_ANALYZER_LOCALIZABILITY_NONLOCALIZED = YES;
				CLANG_ANALYZER_NONNULL = YES;
				CLANG_ANALYZER_NUMBER_OBJECT_CONVERSION = YES_AGGRESSIVE;
				CLANG_CXX_LANGUAGE_STANDARD = "gnu++17";
				CLANG_CXX_LIBRARY = "libc++";
				CLANG_ENABLE_MODULES = YES;
				CLANG_ENABLE_OBJC_ARC = YES;
				CLANG_ENABLE_OBJC_WEAK = YES;
				CLANG_WARN_BLOCK_CAPTURE_AUTORELEASING = YES;
				CLANG_WARN_BOOL_CONVERSION = YES;
				CLANG_WARN_COMMA = YES;
				CLANG_WARN_CONSTANT_CONVERSION = YES;
				CLANG_WARN_DEPRECATED_OBJC_IMPLEMENTATIONS = YES;
				CLANG_WARN_DIRECT_OBJC_ISA_USAGE = YES_ERROR;
				CLANG_WARN_DOCUMENTATION_COMMENTS = YES;
				CLANG_WARN_EMPTY_BODY = YES;
				CLANG_WARN_ENUM_CONVERSION = YES;
				CLANG_WARN_INFINITE_RECURSION = YES;
				CLANG_WARN_INT_CONVERSION = YES;
				CLANG_WARN_NON_LITERAL_NULL_CONVERSION = YES;
				CLANG_WARN_OBJC_IMPLICIT_RETAIN_SELF = YES;
				CLANG_WARN_OBJC_LITERAL_CONVERSION = YES;
				CLANG_WARN_OBJC_ROOT_CLASS = YES_ERROR;
				CLANG_WARN_QUOTED_INCLUDE_IN_FRAMEWORK_HEADER = YES;
				CLANG_WARN_RANGE_LOOP_ANALYSIS = YES;
				CLANG_WARN_STRICT_PROTOTYPES = YES;
				CLANG_WARN_SUSPICIOUS_MOVE = YES;
				CLANG_WARN_UNGUARDED_AVAILABILITY = YES_AGGRESSIVE;
				CLANG_WARN_UNREACHABLE_CODE = YES;
				CLANG_WARN__DUPLICATE_METHOD_MATCH = YES;
				COPY_PHASE_STRIP = NO;
				DEBUG_INFORMATION_FORMAT = dwarf;
				ENABLE_STRICT_OBJC_MSGSEND = YES;
				ENABLE_TESTABILITY = YES;
				GCC_C_LANGUAGE_STANDARD = gnu11;
				GCC_DYNAMIC_NO_PIC = NO;
				GCC_NO_COMMON_BLOCKS = YES;
				GCC_OPTIMIZATION_LEVEL = 0;
				GCC_PREPROCESSOR_DEFINITIONS = (
					"DEBUG=1",
					"$(inherited)",
				);
				GCC_WARN_64_TO_32_BIT_CONVERSION = YES;
				GCC_WARN_ABOUT_RETURN_TYPE = YES_ERROR;
				GCC_WARN_UNDECLARED_SELECTOR = YES;
				GCC_WARN_UNINITIALIZED_AUTOS = YES_AGGRESSIVE;
				GCC_WARN_UNUSED_FUNCTION = YES;
				GCC_WARN_UNUSED_VARIABLE = YES;
				IPHONEOS_DEPLOYMENT_TARGET = 15.2;
				MTL_ENABLE_DEBUG_INFO = INCLUDE_SOURCE;
				MTL_FAST_MATH = YES;
				ONLY_ACTIVE_ARCH = YES;
				SDKROOT = iphoneos;
				SWIFT_ACTIVE_COMPILATION_CONDITIONS = DEBUG;
				SWIFT_OPTIMIZATION_LEVEL = "-Onone";
			};
			name = Debug;
		};
		C892139B27D992F300E5539A /* Release */ = {
			isa = XCBuildConfiguration;
			buildSettings = {
				ALWAYS_SEARCH_USER_PATHS = NO;
				CLANG_ANALYZER_LOCALIZABILITY_NONLOCALIZED = YES;
				CLANG_ANALYZER_NONNULL = YES;
				CLANG_ANALYZER_NUMBER_OBJECT_CONVERSION = YES_AGGRESSIVE;
				CLANG_CXX_LANGUAGE_STANDARD = "gnu++17";
				CLANG_CXX_LIBRARY = "libc++";
				CLANG_ENABLE_MODULES = YES;
				CLANG_ENABLE_OBJC_ARC = YES;
				CLANG_ENABLE_OBJC_WEAK = YES;
				CLANG_WARN_BLOCK_CAPTURE_AUTORELEASING = YES;
				CLANG_WARN_BOOL_CONVERSION = YES;
				CLANG_WARN_COMMA = YES;
				CLANG_WARN_CONSTANT_CONVERSION = YES;
				CLANG_WARN_DEPRECATED_OBJC_IMPLEMENTATIONS = YES;
				CLANG_WARN_DIRECT_OBJC_ISA_USAGE = YES_ERROR;
				CLANG_WARN_DOCUMENTATION_COMMENTS = YES;
				CLANG_WARN_EMPTY_BODY = YES;
				CLANG_WARN_ENUM_CONVERSION = YES;
				CLANG_WARN_INFINITE_RECURSION = YES;
				CLANG_WARN_INT_CONVERSION = YES;
				CLANG_WARN_NON_LITERAL_NULL_CONVERSION = YES;
				CLANG_WARN_OBJC_IMPLICIT_RETAIN_SELF = YES;
				CLANG_WARN_OBJC_LITERAL_CONVERSION = YES;
				CLANG_WARN_OBJC_ROOT_CLASS = YES_ERROR;
				CLANG_WARN_QUOTED_INCLUDE_IN_FRAMEWORK_HEADER = YES;
				CLANG_WARN_RANGE_LOOP_ANALYSIS = YES;
				CLANG_WARN_STRICT_PROTOTYPES = YES;
				CLANG_WARN_SUSPICIOUS_MOVE = YES;
				CLANG_WARN_UNGUARDED_AVAILABILITY = YES_AGGRESSIVE;
				CLANG_WARN_UNREACHABLE_CODE = YES;
				CLANG_WARN__DUPLICATE_METHOD_MATCH = YES;
				COPY_PHASE_STRIP = NO;
				DEBUG_INFORMATION_FORMAT = "dwarf-with-dsym";
				ENABLE_NS_ASSERTIONS = NO;
				ENABLE_STRICT_OBJC_MSGSEND = YES;
				GCC_C_LANGUAGE_STANDARD = gnu11;
				GCC_NO_COMMON_BLOCKS = YES;
				GCC_WARN_64_TO_32_BIT_CONVERSION = YES;
				GCC_WARN_ABOUT_RETURN_TYPE = YES_ERROR;
				GCC_WARN_UNDECLARED_SELECTOR = YES;
				GCC_WARN_UNINITIALIZED_AUTOS = YES_AGGRESSIVE;
				GCC_WARN_UNUSED_FUNCTION = YES;
				GCC_WARN_UNUSED_VARIABLE = YES;
				IPHONEOS_DEPLOYMENT_TARGET = 15.2;
				MTL_ENABLE_DEBUG_INFO = NO;
				MTL_FAST_MATH = YES;
				SDKROOT = iphoneos;
				SWIFT_COMPILATION_MODE = wholemodule;
				SWIFT_OPTIMIZATION_LEVEL = "-O";
				VALIDATE_PRODUCT = YES;
			};
			name = Release;
		};
		C892139D27D992F300E5539A /* Debug */ = {
			isa = XCBuildConfiguration;
			buildSettings = {
				ASSETCATALOG_COMPILER_APPICON_NAME = AppIcon;
				ASSETCATALOG_COMPILER_GLOBAL_ACCENT_COLOR_NAME = AccentColor;
				CODE_SIGN_STYLE = Automatic;
				CURRENT_PROJECT_VERSION = 1;
				DEVELOPMENT_ASSET_PATHS = "\"TheMoviewDB/Preview Content\"";
				DEVELOPMENT_TEAM = KSCTYR8L24;
				ENABLE_PREVIEWS = YES;
				GENERATE_INFOPLIST_FILE = YES;
				INFOPLIST_FILE = TheMoviewDB/Info.plist;
				INFOPLIST_KEY_UIApplicationSceneManifest_Generation = YES;
				INFOPLIST_KEY_UIApplicationSupportsIndirectInputEvents = YES;
				INFOPLIST_KEY_UISupportedInterfaceOrientations_iPad = "UIInterfaceOrientationPortrait UIInterfaceOrientationPortraitUpsideDown UIInterfaceOrientationLandscapeLeft UIInterfaceOrientationLandscapeRight";
				INFOPLIST_KEY_UISupportedInterfaceOrientations_iPhone = "UIInterfaceOrientationPortrait UIInterfaceOrientationLandscapeLeft UIInterfaceOrientationLandscapeRight";
				LD_RUNPATH_SEARCH_PATHS = (
					"$(inherited)",
					"@executable_path/Frameworks",
				);
				MARKETING_VERSION = 1.0;
				PRODUCT_BUNDLE_IDENTIFIER = cristian.TheMovieDB;
				PRODUCT_NAME = TheMovieDB;
				SWIFT_EMIT_LOC_STRINGS = YES;
				SWIFT_VERSION = 5.0;
				TARGETED_DEVICE_FAMILY = "1,2";
			};
			name = Debug;
		};
		C892139E27D992F300E5539A /* Release */ = {
			isa = XCBuildConfiguration;
			buildSettings = {
				ASSETCATALOG_COMPILER_APPICON_NAME = AppIcon;
				ASSETCATALOG_COMPILER_GLOBAL_ACCENT_COLOR_NAME = AccentColor;
				CODE_SIGN_STYLE = Automatic;
				CURRENT_PROJECT_VERSION = 1;
				DEVELOPMENT_ASSET_PATHS = "\"TheMoviewDB/Preview Content\"";
				DEVELOPMENT_TEAM = KSCTYR8L24;
				ENABLE_PREVIEWS = YES;
				GENERATE_INFOPLIST_FILE = YES;
				INFOPLIST_FILE = TheMoviewDB/Info.plist;
				INFOPLIST_KEY_UIApplicationSceneManifest_Generation = YES;
				INFOPLIST_KEY_UIApplicationSupportsIndirectInputEvents = YES;
				INFOPLIST_KEY_UISupportedInterfaceOrientations_iPad = "UIInterfaceOrientationPortrait UIInterfaceOrientationPortraitUpsideDown UIInterfaceOrientationLandscapeLeft UIInterfaceOrientationLandscapeRight";
				INFOPLIST_KEY_UISupportedInterfaceOrientations_iPhone = "UIInterfaceOrientationPortrait UIInterfaceOrientationLandscapeLeft UIInterfaceOrientationLandscapeRight";
				LD_RUNPATH_SEARCH_PATHS = (
					"$(inherited)",
					"@executable_path/Frameworks",
				);
				MARKETING_VERSION = 1.0;
				PRODUCT_BUNDLE_IDENTIFIER = cristian.TheMovieDB;
				PRODUCT_NAME = TheMovieDB;
				SWIFT_EMIT_LOC_STRINGS = YES;
				SWIFT_VERSION = 5.0;
				TARGETED_DEVICE_FAMILY = "1,2";
			};
			name = Release;
		};
		C89213A027D992F300E5539A /* Debug */ = {
			isa = XCBuildConfiguration;
			buildSettings = {
				ALWAYS_EMBED_SWIFT_STANDARD_LIBRARIES = YES;
				BUNDLE_LOADER = "$(TEST_HOST)";
				CLANG_ENABLE_MODULES = YES;
				CODE_SIGN_STYLE = Automatic;
				CURRENT_PROJECT_VERSION = 1;
				DEVELOPMENT_TEAM = KSCTYR8L24;
				GENERATE_INFOPLIST_FILE = YES;
				IPHONEOS_DEPLOYMENT_TARGET = 15.2;
				LD_RUNPATH_SEARCH_PATHS = (
					"$(inherited)",
					"@executable_path/Frameworks",
					"@loader_path/Frameworks",
				);
				MARKETING_VERSION = 1.0;
				PRODUCT_BUNDLE_IDENTIFIER = cristian.TheMoviewDBTests;
				PRODUCT_NAME = "$(TARGET_NAME)";
				SWIFT_EMIT_LOC_STRINGS = NO;
				SWIFT_OPTIMIZATION_LEVEL = "-Onone";
				SWIFT_VERSION = 5.0;
				TARGETED_DEVICE_FAMILY = "1,2";
				TEST_HOST = "$(BUILT_PRODUCTS_DIR)/TheMovieDB.app/TheMovieDB";
			};
			name = Debug;
		};
		C89213A127D992F300E5539A /* Release */ = {
			isa = XCBuildConfiguration;
			buildSettings = {
				ALWAYS_EMBED_SWIFT_STANDARD_LIBRARIES = YES;
				BUNDLE_LOADER = "$(TEST_HOST)";
				CLANG_ENABLE_MODULES = YES;
				CODE_SIGN_STYLE = Automatic;
				CURRENT_PROJECT_VERSION = 1;
				DEVELOPMENT_TEAM = KSCTYR8L24;
				GENERATE_INFOPLIST_FILE = YES;
				IPHONEOS_DEPLOYMENT_TARGET = 15.2;
				LD_RUNPATH_SEARCH_PATHS = (
					"$(inherited)",
					"@executable_path/Frameworks",
					"@loader_path/Frameworks",
				);
				MARKETING_VERSION = 1.0;
				PRODUCT_BUNDLE_IDENTIFIER = cristian.TheMoviewDBTests;
				PRODUCT_NAME = "$(TARGET_NAME)";
				SWIFT_EMIT_LOC_STRINGS = NO;
				SWIFT_VERSION = 5.0;
				TARGETED_DEVICE_FAMILY = "1,2";
				TEST_HOST = "$(BUILT_PRODUCTS_DIR)/TheMovieDB.app/TheMovieDB";
			};
			name = Release;
		};
		C89213A327D992F300E5539A /* Debug */ = {
			isa = XCBuildConfiguration;
			buildSettings = {
				ALWAYS_EMBED_SWIFT_STANDARD_LIBRARIES = YES;
				CODE_SIGN_STYLE = Automatic;
				CURRENT_PROJECT_VERSION = 1;
				DEVELOPMENT_TEAM = KSCTYR8L24;
				GENERATE_INFOPLIST_FILE = YES;
				MARKETING_VERSION = 1.0;
				PRODUCT_BUNDLE_IDENTIFIER = cristian.TheMoviewDBUITests;
				PRODUCT_NAME = "$(TARGET_NAME)";
				SWIFT_EMIT_LOC_STRINGS = NO;
				SWIFT_VERSION = 5.0;
				TARGETED_DEVICE_FAMILY = "1,2";
				TEST_TARGET_NAME = TheMoviewDB;
			};
			name = Debug;
		};
		C89213A427D992F300E5539A /* Release */ = {
			isa = XCBuildConfiguration;
			buildSettings = {
				ALWAYS_EMBED_SWIFT_STANDARD_LIBRARIES = YES;
				CODE_SIGN_STYLE = Automatic;
				CURRENT_PROJECT_VERSION = 1;
				DEVELOPMENT_TEAM = KSCTYR8L24;
				GENERATE_INFOPLIST_FILE = YES;
				MARKETING_VERSION = 1.0;
				PRODUCT_BUNDLE_IDENTIFIER = cristian.TheMoviewDBUITests;
				PRODUCT_NAME = "$(TARGET_NAME)";
				SWIFT_EMIT_LOC_STRINGS = NO;
				SWIFT_VERSION = 5.0;
				TARGETED_DEVICE_FAMILY = "1,2";
				TEST_TARGET_NAME = TheMoviewDB;
			};
			name = Release;
		};
/* End XCBuildConfiguration section */

/* Begin XCConfigurationList section */
		C892136E27D992F100E5539A /* Build configuration list for PBXProject "TheMoviewDB" */ = {
			isa = XCConfigurationList;
			buildConfigurations = (
				C892139A27D992F300E5539A /* Debug */,
				C892139B27D992F300E5539A /* Release */,
			);
			defaultConfigurationIsVisible = 0;
			defaultConfigurationName = Release;
		};
		C892139C27D992F300E5539A /* Build configuration list for PBXNativeTarget "TheMoviewDB" */ = {
			isa = XCConfigurationList;
			buildConfigurations = (
				C892139D27D992F300E5539A /* Debug */,
				C892139E27D992F300E5539A /* Release */,
			);
			defaultConfigurationIsVisible = 0;
			defaultConfigurationName = Release;
		};
		C892139F27D992F300E5539A /* Build configuration list for PBXNativeTarget "TheMoviewDBTests" */ = {
			isa = XCConfigurationList;
			buildConfigurations = (
				C89213A027D992F300E5539A /* Debug */,
				C89213A127D992F300E5539A /* Release */,
			);
			defaultConfigurationIsVisible = 0;
			defaultConfigurationName = Release;
		};
		C89213A227D992F300E5539A /* Build configuration list for PBXNativeTarget "TheMoviewDBUITests" */ = {
			isa = XCConfigurationList;
			buildConfigurations = (
				C89213A327D992F300E5539A /* Debug */,
				C89213A427D992F300E5539A /* Release */,
			);
			defaultConfigurationIsVisible = 0;
			defaultConfigurationName = Release;
		};
/* End XCConfigurationList section */

/* Begin XCVersionGroup section */
		C892138127D992F300E5539A /* TheMoviewDB.xcdatamodeld */ = {
			isa = XCVersionGroup;
			children = (
				C892138227D992F300E5539A /* TheMoviewDB.xcdatamodel */,
			);
			currentVersion = C892138227D992F300E5539A /* TheMoviewDB.xcdatamodel */;
			path = TheMoviewDB.xcdatamodeld;
			sourceTree = "<group>";
			versionGroupType = wrapper.xcdatamodel;
		};
/* End XCVersionGroup section */
	};
	rootObject = C892136B27D992F100E5539A /* Project object */;
}
